
Microsoft Visual Studio Solution File, Format Version 12.00
# Visual Studio 15
VisualStudioVersion = 15.0.28307.168
MinimumVisualStudioVersion = 10.0.40219.1
Project("{8BC9CEB8-8B4A-11D0-8D11-00A0C91BC942}") = "1020(Encoding)", "1020(Encoding)\1020(Encoding).vcxproj", "{62484017-DACD-4A7B-A8FE-0AD12A3B57F4}"
EndProject
Global
	GlobalSection(SolutionConfigurationPlatforms) = preSolution
		Debug|x64 = Debug|x64
		Debug|x86 = Debug|x86
		Release|x64 = Release|x64
		Release|x86 = Release|x86
	EndGlobalSection
	GlobalSection(ProjectConfigurationPlatforms) = postSolution
		{62484017-DACD-4A7B-A8FE-0AD12A3B57F4}.Debug|x64.ActiveCfg = Debug|x64
		{62484017-DACD-4A7B-A8FE-0AD12A3B57F4}.Debug|x64.Build.0 = Debug|x64
		{62484017-DACD-4A7B-A8FE-0AD12A3B57F4}.Debug|x86.ActiveCfg = Debug|Win32
		{62484017-DACD-4A7B-A8FE-0AD12A3B57F4}.Debug|x86.Build.0 = Debug|Win32
		{62484017-DACD-4A7B-A8FE-0AD12A3B57F4}.Release|x64.ActiveCfg = Release|x64
		{62484017-DACD-4A7B-A8FE-0AD12A3B57F4}.Release|x64.Build.0 = Release|x64
		{62484017-DACD-4A7B-A8FE-0AD12A3B57F4}.Release|x86.ActiveCfg = Release|Win32
		{62484017-DACD-4A7B-A8FE-0AD12A3B57F4}.Release|x86.Build.0 = Release|Win32
	EndGlobalSection
	GlobalSection(SolutionProperties) = preSolution
		HideSolutionNode = FALSE
	EndGlobalSection
	GlobalSection(ExtensibilityGlobals) = postSolution
		SolutionGuid = {8D57C675-E3FB-4687-BC42-FE7B010363BA}
	EndGlobalSection
EndGlobal
